{
  "name": "jina-docs",
  "version": "1.0.0",
  "lockfileVersion": 2,
  "requires": true,
  "packages": {
    "": {
      "name": "jina-docs",
      "version": "1.0.0",
      "license": "ISC",
      "dependencies": {
        "marked": "^3.0.7"
      }
    },
    "node_modules/marked": {
      "version": "3.0.7",
      "resolved": "https://registry.npmjs.org/marked/-/marked-3.0.7.tgz",
      "integrity": "sha512-ctKqbnLuNbsHbI26cfMyOlKgXGfl1orOv1AvWWDX7AkgfMOwCWvmuYc+mVLeWhQ9W6hdWVBynOs96VkcscKo0Q==",
      "bin": {
        "marked": "bin/marked"
      },
      "engines": {
        "node": ">= 12"
      }
    }
  },
  "dependencies": {
    "marked": {
      "version": "3.0.7",
      "resolved": "https://registry.npmjs.org/marked/-/marked-3.0.7.tgz",
      "integrity": "sha512-ctKqbnLuNbsHbI26cfMyOlKgXGfl1orOv1AvWWDX7AkgfMOwCWvmuYc+mVLeWhQ9W6hdWVBynOs96VkcscKo0Q=="
    }
  }
}
